
Microsoft Visual Studio Solution File, Format Version 12.00
# Visual Studio Version 17
VisualStudioVersion = 17.0.31903.59
MinimumVisualStudioVersion = 10.0.40219.1
Project("{2150E333-8FDC-42A3-9474-1A3956D46DE8}") = "src", "src", "{827E0CD3-B72D-47B6-A68D-7590B98EB39B}"
EndProject
Project("{FAE04EC0-301F-11D3-BF4B-00C04F79EFBC}") = "SemanticMemory.Api", "src\SemanticMemory.Api\SemanticMemory.Api.csproj", "{55DC20D0-348C-49ED-A305-C043F712D37C}"
EndProject
Project("{FAE04EC0-301F-11D3-BF4B-00C04F79EFBC}") = "SemanticMemory.Application", "src\SemanticMemory.Application\SemanticMemory.Application.csproj", "{BB130C4B-C8B7-4EC1-B276-47097B50EF49}"
EndProject
Project("{FAE04EC0-301F-11D3-BF4B-00C04F79EFBC}") = "SemanticMemory.Domain", "src\SemanticMemory.Domain\SemanticMemory.Domain.csproj", "{300AE8BF-D4E4-4889-A148-FBF61D065B05}"
EndProject
Project("{FAE04EC0-301F-11D3-BF4B-00C04F79EFBC}") = "SemanticMemory.Infrastructure", "src\SemanticMemory.Infrastructure\SemanticMemory.Infrastructure.csproj", "{BCA0B7F1-DC6B-47CE-BF57-36C206B6C5E8}"
EndProject
Project("{FAE04EC0-301F-11D3-BF4B-00C04F79EFBC}") = "SemanticMemory.Worker", "src\SemanticMemory.Worker\SemanticMemory.Worker.csproj", "{8D7A9ECD-D162-4CBB-9737-EE23B24BC24B}"
EndProject
Project("{2150E333-8FDC-42A3-9474-1A3956D46DE8}") = "tests", "tests", "{0AB3BF05-4346-4AA6-1389-037BE0695223}"
EndProject
Project("{FAE04EC0-301F-11D3-BF4B-00C04F79EFBC}") = "SemanticMemory.UnitTests", "tests\SemanticMemory.UnitTests\SemanticMemory.UnitTests.csproj", "{EA7BD482-153B-4AA2-A50E-053C2C3B81D1}"
EndProject
Project("{FAE04EC0-301F-11D3-BF4B-00C04F79EFBC}") = "SemanticMemory.IntegrationTests", "tests\SemanticMemory.IntegrationTests\SemanticMemory.IntegrationTests.csproj", "{6D4A4036-F23C-4EF2-B857-2C7E36D0F025}"
EndProject
Global
	GlobalSection(SolutionConfigurationPlatforms) = preSolution
		Debug|Any CPU = Debug|Any CPU
		Debug|x64 = Debug|x64
		Debug|x86 = Debug|x86
		Release|Any CPU = Release|Any CPU
		Release|x64 = Release|x64
		Release|x86 = Release|x86
	EndGlobalSection
	GlobalSection(ProjectConfigurationPlatforms) = postSolution
		{55DC20D0-348C-49ED-A305-C043F712D37C}.Debug|Any CPU.ActiveCfg = Debug|Any CPU
		{55DC20D0-348C-49ED-A305-C043F712D37C}.Debug|Any CPU.Build.0 = Debug|Any CPU
		{55DC20D0-348C-49ED-A305-C043F712D37C}.Debug|x64.ActiveCfg = Debug|Any CPU
		{55DC20D0-348C-49ED-A305-C043F712D37C}.Debug|x64.Build.0 = Debug|Any CPU
		{55DC20D0-348C-49ED-A305-C043F712D37C}.Debug|x86.ActiveCfg = Debug|Any CPU
		{55DC20D0-348C-49ED-A305-C043F712D37C}.Debug|x86.Build.0 = Debug|Any CPU
		{55DC20D0-348C-49ED-A305-C043F712D37C}.Release|Any CPU.ActiveCfg = Release|Any CPU
		{55DC20D0-348C-49ED-A305-C043F712D37C}.Release|Any CPU.Build.0 = Release|Any CPU
		{55DC20D0-348C-49ED-A305-C043F712D37C}.Release|x64.ActiveCfg = Release|Any CPU
		{55DC20D0-348C-49ED-A305-C043F712D37C}.Release|x64.Build.0 = Release|Any CPU
		{55DC20D0-348C-49ED-A305-C043F712D37C}.Release|x86.ActiveCfg = Release|Any CPU
		{55DC20D0-348C-49ED-A305-C043F712D37C}.Release|x86.Build.0 = Release|Any CPU
		{BB130C4B-C8B7-4EC1-B276-47097B50EF49}.Debug|Any CPU.ActiveCfg = Debug|Any CPU
		{BB130C4B-C8B7-4EC1-B276-47097B50EF49}.Debug|Any CPU.Build.0 = Debug|Any CPU
		{BB130C4B-C8B7-4EC1-B276-47097B50EF49}.Debug|x64.ActiveCfg = Debug|Any CPU
		{BB130C4B-C8B7-4EC1-B276-47097B50EF49}.Debug|x64.Build.0 = Debug|Any CPU
		{BB130C4B-C8B7-4EC1-B276-47097B50EF49}.Debug|x86.ActiveCfg = Debug|Any CPU
		{BB130C4B-C8B7-4EC1-B276-47097B50EF49}.Debug|x86.Build.0 = Debug|Any CPU
		{BB130C4B-C8B7-4EC1-B276-47097B50EF49}.Release|Any CPU.ActiveCfg = Release|Any CPU
		{BB130C4B-C8B7-4EC1-B276-47097B50EF49}.Release|Any CPU.Build.0 = Release|Any CPU
		{BB130C4B-C8B7-4EC1-B276-47097B50EF49}.Release|x64.ActiveCfg = Release|Any CPU
		{BB130C4B-C8B7-4EC1-B276-47097B50EF49}.Release|x64.Build.0 = Release|Any CPU
		{BB130C4B-C8B7-4EC1-B276-47097B50EF49}.Release|x86.ActiveCfg = Release|Any CPU
		{BB130C4B-C8B7-4EC1-B276-47097B50EF49}.Release|x86.Build.0 = Release|Any CPU
		{300AE8BF-D4E4-4889-A148-FBF61D065B05}.Debug|Any CPU.ActiveCfg = Debug|Any CPU
		{300AE8BF-D4E4-4889-A148-FBF61D065B05}.Debug|Any CPU.Build.0 = Debug|Any CPU
		{300AE8BF-D4E4-4889-A148-FBF61D065B05}.Debug|x64.ActiveCfg = Debug|Any CPU
		{300AE8BF-D4E4-4889-A148-FBF61D065B05}.Debug|x64.Build.0 = Debug|Any CPU
		{300AE8BF-D4E4-4889-A148-FBF61D065B05}.Debug|x86.ActiveCfg = Debug|Any CPU
		{300AE8BF-D4E4-4889-A148-FBF61D065B05}.Debug|x86.Build.0 = Debug|Any CPU
		{300AE8BF-D4E4-4889-A148-FBF61D065B05}.Release|Any CPU.ActiveCfg = Release|Any CPU
		{300AE8BF-D4E4-4889-A148-FBF61D065B05}.Release|Any CPU.Build.0 = Release|Any CPU
		{300AE8BF-D4E4-4889-A148-FBF61D065B05}.Release|x64.ActiveCfg = Release|Any CPU
		{300AE8BF-D4E4-4889-A148-FBF61D065B05}.Release|x64.Build.0 = Release|Any CPU
		{300AE8BF-D4E4-4889-A148-FBF61D065B05}.Release|x86.ActiveCfg = Release|Any CPU
		{300AE8BF-D4E4-4889-A148-FBF61D065B05}.Release|x86.Build.0 = Release|Any CPU
		{BCA0B7F1-DC6B-47CE-BF57-36C206B6C5E8}.Debug|Any CPU.ActiveCfg = Debug|Any CPU
		{BCA0B7F1-DC6B-47CE-BF57-36C206B6C5E8}.Debug|Any CPU.Build.0 = Debug|Any CPU
		{BCA0B7F1-DC6B-47CE-BF57-36C206B6C5E8}.Debug|x64.ActiveCfg = Debug|Any CPU
		{BCA0B7F1-DC6B-47CE-BF57-36C206B6C5E8}.Debug|x64.Build.0 = Debug|Any CPU
		{BCA0B7F1-DC6B-47CE-BF57-36C206B6C5E8}.Debug|x86.ActiveCfg = Debug|Any CPU
		{BCA0B7F1-DC6B-47CE-BF57-36C206B6C5E8}.Debug|x86.Build.0 = Debug|Any CPU
		{BCA0B7F1-DC6B-47CE-BF57-36C206B6C5E8}.Release|Any CPU.ActiveCfg = Release|Any CPU
		{BCA0B7F1-DC6B-47CE-BF57-36C206B6C5E8}.Release|Any CPU.Build.0 = Release|Any CPU
		{BCA0B7F1-DC6B-47CE-BF57-36C206B6C5E8}.Release|x64.ActiveCfg = Release|Any CPU
		{BCA0B7F1-DC6B-47CE-BF57-36C206B6C5E8}.Release|x64.Build.0 = Release|Any CPU
		{BCA0B7F1-DC6B-47CE-BF57-36C206B6C5E8}.Release|x86.ActiveCfg = Release|Any CPU
		{BCA0B7F1-DC6B-47CE-BF57-36C206B6C5E8}.Release|x86.Build.0 = Release|Any CPU
		{8D7A9ECD-D162-4CBB-9737-EE23B24BC24B}.Debug|Any CPU.ActiveCfg = Debug|Any CPU
		{8D7A9ECD-D162-4CBB-9737-EE23B24BC24B}.Debug|Any CPU.Build.0 = Debug|Any CPU
		{8D7A9ECD-D162-4CBB-9737-EE23B24BC24B}.Debug|x64.ActiveCfg = Debug|Any CPU
		{8D7A9ECD-D162-4CBB-9737-EE23B24BC24B}.Debug|x64.Build.0 = Debug|Any CPU
		{8D7A9ECD-D162-4CBB-9737-EE23B24BC24B}.Debug|x86.ActiveCfg = Debug|Any CPU
		{8D7A9ECD-D162-4CBB-9737-EE23B24BC24B}.Debug|x86.Build.0 = Debug|Any CPU
		{8D7A9ECD-D162-4CBB-9737-EE23B24BC24B}.Release|Any CPU.ActiveCfg = Release|Any CPU
		{8D7A9ECD-D162-4CBB-9737-EE23B24BC24B}.Release|Any CPU.Build.0 = Release|Any CPU
		{8D7A9ECD-D162-4CBB-9737-EE23B24BC24B}.Release|x64.ActiveCfg = Release|Any CPU
		{8D7A9ECD-D162-4CBB-9737-EE23B24BC24B}.Release|x64.Build.0 = Release|Any CPU
		{8D7A9ECD-D162-4CBB-9737-EE23B24BC24B}.Release|x86.ActiveCfg = Release|Any CPU
		{8D7A9ECD-D162-4CBB-9737-EE23B24BC24B}.Release|x86.Build.0 = Release|Any CPU
		{EA7BD482-153B-4AA2-A50E-053C2C3B81D1}.Debug|Any CPU.ActiveCfg = Debug|Any CPU
		{EA7BD482-153B-4AA2-A50E-053C2C3B81D1}.Debug|Any CPU.Build.0 = Debug|Any CPU
		{EA7BD482-153B-4AA2-A50E-053C2C3B81D1}.Debug|x64.ActiveCfg = Debug|Any CPU
		{EA7BD482-153B-4AA2-A50E-053C2C3B81D1}.Debug|x64.Build.0 = Debug|Any CPU
		{EA7BD482-153B-4AA2-A50E-053C2C3B81D1}.Debug|x86.ActiveCfg = Debug|Any CPU
		{EA7BD482-153B-4AA2-A50E-053C2C3B81D1}.Debug|x86.Build.0 = Debug|Any CPU
		{EA7BD482-153B-4AA2-A50E-053C2C3B81D1}.Release|Any CPU.ActiveCfg = Release|Any CPU
		{EA7BD482-153B-4AA2-A50E-053C2C3B81D1}.Release|Any CPU.Build.0 = Release|Any CPU
		{EA7BD482-153B-4AA2-A50E-053C2C3B81D1}.Release|x64.ActiveCfg = Release|Any CPU
		{EA7BD482-153B-4AA2-A50E-053C2C3B81D1}.Release|x64.Build.0 = Release|Any CPU
		{EA7BD482-153B-4AA2-A50E-053C2C3B81D1}.Release|x86.ActiveCfg = Release|Any CPU
		{EA7BD482-153B-4AA2-A50E-053C2C3B81D1}.Release|x86.Build.0 = Release|Any CPU
		{6D4A4036-F23C-4EF2-B857-2C7E36D0F025}.Debug|Any CPU.ActiveCfg = Debug|Any CPU
		{6D4A4036-F23C-4EF2-B857-2C7E36D0F025}.Debug|Any CPU.Build.0 = Debug|Any CPU
		{6D4A4036-F23C-4EF2-B857-2C7E36D0F025}.Debug|x64.ActiveCfg = Debug|Any CPU
		{6D4A4036-F23C-4EF2-B857-2C7E36D0F025}.Debug|x64.Build.0 = Debug|Any CPU
		{6D4A4036-F23C-4EF2-B857-2C7E36D0F025}.Debug|x86.ActiveCfg = Debug|Any CPU
		{6D4A4036-F23C-4EF2-B857-2C7E36D0F025}.Debug|x86.Build.0 = Debug|Any CPU
		{6D4A4036-F23C-4EF2-B857-2C7E36D0F025}.Release|Any CPU.ActiveCfg = Release|Any CPU
		{6D4A4036-F23C-4EF2-B857-2C7E36D0F025}.Release|Any CPU.Build.0 = Release|Any CPU
		{6D4A4036-F23C-4EF2-B857-2C7E36D0F025}.Release|x64.ActiveCfg = Release|Any CPU
		{6D4A4036-F23C-4EF2-B857-2C7E36D0F025}.Release|x64.Build.0 = Release|Any CPU
		{6D4A4036-F23C-4EF2-B857-2C7E36D0F025}.Release|x86.ActiveCfg = Release|Any CPU
		{6D4A4036-F23C-4EF2-B857-2C7E36D0F025}.Release|x86.Build.0 = Release|Any CPU
	EndGlobalSection
	GlobalSection(SolutionProperties) = preSolution
		HideSolutionNode = FALSE
	EndGlobalSection
	GlobalSection(NestedProjects) = preSolution
		{55DC20D0-348C-49ED-A305-C043F712D37C} = {827E0CD3-B72D-47B6-A68D-7590B98EB39B}
		{BB130C4B-C8B7-4EC1-B276-47097B50EF49} = {827E0CD3-B72D-47B6-A68D-7590B98EB39B}
		{300AE8BF-D4E4-4889-A148-FBF61D065B05} = {827E0CD3-B72D-47B6-A68D-7590B98EB39B}
		{BCA0B7F1-DC6B-47CE-BF57-36C206B6C5E8} = {827E0CD3-B72D-47B6-A68D-7590B98EB39B}
		{8D7A9ECD-D162-4CBB-9737-EE23B24BC24B} = {827E0CD3-B72D-47B6-A68D-7590B98EB39B}
		{EA7BD482-153B-4AA2-A50E-053C2C3B81D1} = {0AB3BF05-4346-4AA6-1389-037BE0695223}
		{6D4A4036-F23C-4EF2-B857-2C7E36D0F025} = {0AB3BF05-4346-4AA6-1389-037BE0695223}
	EndGlobalSection
EndGlobal
